
Microsoft Visual Studio Solution File, Format Version 12.00
# Visual Studio Version 17
VisualStudioVersion = 17.7.34221.43
MinimumVisualStudioVersion = 10.0.40219.1
Project("{FAE04EC0-301F-11D3-BF4B-00C04F79EFBC}") = "003_operacionesBasicas", "003_operacionesBasicas.csproj", "{49EA4E65-21E6-4EAF-8896-2C7A2D3052B3}"
EndProject
Global
	GlobalSection(SolutionConfigurationPlatforms) = preSolution
		Debug|Any CPU = Debug|Any CPU
		Release|Any CPU = Release|Any CPU
	EndGlobalSection
	GlobalSection(ProjectConfigurationPlatforms) = postSolution
		{49EA4E65-21E6-4EAF-8896-2C7A2D3052B3}.Debug|Any CPU.ActiveCfg = Debug|Any CPU
		{49EA4E65-21E6-4EAF-8896-2C7A2D3052B3}.Debug|Any CPU.Build.0 = Debug|Any CPU
		{49EA4E65-21E6-4EAF-8896-2C7A2D3052B3}.Release|Any CPU.ActiveCfg = Release|Any CPU
		{49EA4E65-21E6-4EAF-8896-2C7A2D3052B3}.Release|Any CPU.Build.0 = Release|Any CPU
	EndGlobalSection
	GlobalSection(SolutionProperties) = preSolution
		HideSolutionNode = FALSE
	EndGlobalSection
	GlobalSection(ExtensibilityGlobals) = postSolution
		SolutionGuid = {461225E6-BD83-4301-9DF8-7C311313D180}
	EndGlobalSection
EndGlobal
