
Microsoft Visual Studio Solution File, Format Version 12.00
# Visual Studio Version 17
VisualStudioVersion = 17.7.34221.43
MinimumVisualStudioVersion = 10.0.40219.1
Project("{FAE04EC0-301F-11D3-BF4B-00C04F79EFBC}") = "004_compraRestaurante", "004_compraRestaurante.csproj", "{6BF99CAB-D5BB-4C20-869F-3334B5A24AA3}"
EndProject
Global
	GlobalSection(SolutionConfigurationPlatforms) = preSolution
		Debug|Any CPU = Debug|Any CPU
		Release|Any CPU = Release|Any CPU
	EndGlobalSection
	GlobalSection(ProjectConfigurationPlatforms) = postSolution
		{6BF99CAB-D5BB-4C20-869F-3334B5A24AA3}.Debug|Any CPU.ActiveCfg = Debug|Any CPU
		{6BF99CAB-D5BB-4C20-869F-3334B5A24AA3}.Debug|Any CPU.Build.0 = Debug|Any CPU
		{6BF99CAB-D5BB-4C20-869F-3334B5A24AA3}.Release|Any CPU.ActiveCfg = Release|Any CPU
		{6BF99CAB-D5BB-4C20-869F-3334B5A24AA3}.Release|Any CPU.Build.0 = Release|Any CPU
	EndGlobalSection
	GlobalSection(SolutionProperties) = preSolution
		HideSolutionNode = FALSE
	EndGlobalSection
	GlobalSection(ExtensibilityGlobals) = postSolution
		SolutionGuid = {3DF919F7-52CB-469D-A48C-DC13F313EA83}
	EndGlobalSection
EndGlobal
